
Microsoft Visual Studio Solution File, Format Version 12.00
# Visual Studio 15
VisualStudioVersion = 15.0.26730.16
MinimumVisualStudioVersion = 10.0.40219.1
Project("{FAE04EC0-301F-11D3-BF4B-00C04F79EFBC}") = "LabFiveServZast", "LabFiveServZast\LabFiveServZast.csproj", "{B83D68DE-A503-4D05-8394-548173752463}"
EndProject
Global
	GlobalSection(SolutionConfigurationPlatforms) = preSolution
		Debug|Any CPU = Debug|Any CPU
		Release|Any CPU = Release|Any CPU
	EndGlobalSection
	GlobalSection(ProjectConfigurationPlatforms) = postSolution
		{B83D68DE-A503-4D05-8394-548173752463}.Debug|Any CPU.ActiveCfg = Debug|Any CPU
		{B83D68DE-A503-4D05-8394-548173752463}.Debug|Any CPU.Build.0 = Debug|Any CPU
		{B83D68DE-A503-4D05-8394-548173752463}.Release|Any CPU.ActiveCfg = Release|Any CPU
		{B83D68DE-A503-4D05-8394-548173752463}.Release|Any CPU.Build.0 = Release|Any CPU
	EndGlobalSection
	GlobalSection(SolutionProperties) = preSolution
		HideSolutionNode = FALSE
	EndGlobalSection
	GlobalSection(ExtensibilityGlobals) = postSolution
		SolutionGuid = {0FE6ADF9-E4F9-4D40-8474-A0A8B50779AB}
	EndGlobalSection
EndGlobal
